// !$*UTF8*$!
{
	archiveVersion = 1;
	classes = {
	};
	objectVersion = 50;
	objects = {

/* Begin PBXBuildFile section */
		8C132AF3211237B90096B773 /* UserService.swift in Sources */ = {isa = PBXBuildFile; fileRef = 8C132AF2211237B90096B773 /* UserService.swift */; };
		8C132AF521124B0E0096B773 /* Constants.swift in Sources */ = {isa = PBXBuildFile; fileRef = 8C132AF421124B0E0096B773 /* Constants.swift */; };
		8C132AF721126B6C0096B773 /* ReportIncidentViewController.swift in Sources */ = {isa = PBXBuildFile; fileRef = 8C132AF621126B6C0096B773 /* ReportIncidentViewController.swift */; };
		8C48DFF8210A65B60007480D /* PoliceReports.swift in Sources */ = {isa = PBXBuildFile; fileRef = 8C48DFF7210A65B60007480D /* PoliceReports.swift */; };
		8C48DFFA210A898E0007480D /* Networking.swift in Sources */ = {isa = PBXBuildFile; fileRef = 8C48DFF9210A898E0007480D /* Networking.swift */; };
		8C48DFFC210B9EDA0007480D /* LocationSearchTable.swift in Sources */ = {isa = PBXBuildFile; fileRef = 8C48DFFB210B9EDA0007480D /* LocationSearchTable.swift */; };
		8C48DFFE210FCEB90007480D /* DetailViewController.swift in Sources */ = {isa = PBXBuildFile; fileRef = 8C48DFFD210FCEB90007480D /* DetailViewController.swift */; };
		8C5D7CE12107D96100BB152C /* AppDelegate.swift in Sources */ = {isa = PBXBuildFile; fileRef = 8C5D7CE02107D96100BB152C /* AppDelegate.swift */; };
		8C5D7CE32107D96100BB152C /* ViewController.swift in Sources */ = {isa = PBXBuildFile; fileRef = 8C5D7CE22107D96100BB152C /* ViewController.swift */; };
		8C5D7CE62107D96100BB152C /* Main.storyboard in Resources */ = {isa = PBXBuildFile; fileRef = 8C5D7CE42107D96100BB152C /* Main.storyboard */; };
		8C5D7CE82107D96300BB152C /* Assets.xcassets in Resources */ = {isa = PBXBuildFile; fileRef = 8C5D7CE72107D96300BB152C /* Assets.xcassets */; };
		8C5D7CEB2107D96300BB152C /* LaunchScreen.storyboard in Resources */ = {isa = PBXBuildFile; fileRef = 8C5D7CE92107D96300BB152C /* LaunchScreen.storyboard */; };
		8C6923712111274D001117A8 /* LoginView.storyboard in Resources */ = {isa = PBXBuildFile; fileRef = 8C6923702111274D001117A8 /* LoginView.storyboard */; };
		8C6923732111277C001117A8 /* LoginViewController.swift in Sources */ = {isa = PBXBuildFile; fileRef = 8C6923722111277C001117A8 /* LoginViewController.swift */; };
		8C69237521122543001117A8 /* User.swift in Sources */ = {isa = PBXBuildFile; fileRef = 8C69237421122543001117A8 /* User.swift */; };
		8C69237721122BBE001117A8 /* CreateUsernameViewController.swift in Sources */ = {isa = PBXBuildFile; fileRef = 8C69237621122BBE001117A8 /* CreateUsernameViewController.swift */; };
		8CCCF0BE2107E16F00BC8EF4 /* GoogleService-Info.plist in Resources */ = {isa = PBXBuildFile; fileRef = 8CCCF0BD2107E16E00BC8EF4 /* GoogleService-Info.plist */; };
		8CCCF0C02108EBE000BC8EF4 /* MapHomeView.storyboard in Resources */ = {isa = PBXBuildFile; fileRef = 8CCCF0BF2108EBE000BC8EF4 /* MapHomeView.storyboard */; };
		8CCCF0C22108ECD900BC8EF4 /* MapHomeViewController.swift in Sources */ = {isa = PBXBuildFile; fileRef = 8CCCF0C12108ECD900BC8EF4 /* MapHomeViewController.swift */; };
		8CCCF0C42108F28800BC8EF4 /* MapKit.framework in Frameworks */ = {isa = PBXBuildFile; fileRef = 8CCCF0C32108F28800BC8EF4 /* MapKit.framework */; };
		8CED70542114CAB30064A033 /* userReports.swift in Sources */ = {isa = PBXBuildFile; fileRef = 8CED70532114CAB30064A033 /* userReports.swift */; };
		BC88810240144E2CB331C4DA /* Pods_Misdeed.framework in Frameworks */ = {isa = PBXBuildFile; fileRef = D1963D117AB959514FEDB4FB /* Pods_Misdeed.framework */; };
/* End PBXBuildFile section */

/* Begin PBXFileReference section */
		25B46BCA28FF6E2D77F7E45F /* Pods-Misdeed.release.xcconfig */ = {isa = PBXFileReference; includeInIndex = 1; lastKnownFileType = text.xcconfig; name = "Pods-Misdeed.release.xcconfig"; path = "Pods/Target Support Files/Pods-Misdeed/Pods-Misdeed.release.xcconfig"; sourceTree = "<group>"; };
		898733CB9AF750E46D770250 /* Pods-Misdeed.debug.xcconfig */ = {isa = PBXFileReference; includeInIndex = 1; lastKnownFileType = text.xcconfig; name = "Pods-Misdeed.debug.xcconfig"; path = "Pods/Target Support Files/Pods-Misdeed/Pods-Misdeed.debug.xcconfig"; sourceTree = "<group>"; };
		8C132AF2211237B90096B773 /* UserService.swift */ = {isa = PBXFileReference; lastKnownFileType = sourcecode.swift; path = UserService.swift; sourceTree = "<group>"; };
		8C132AF421124B0E0096B773 /* Constants.swift */ = {isa = PBXFileReference; lastKnownFileType = sourcecode.swift; path = Constants.swift; sourceTree = "<group>"; };
		8C132AF621126B6C0096B773 /* ReportIncidentViewController.swift */ = {isa = PBXFileReference; lastKnownFileType = sourcecode.swift; path = ReportIncidentViewController.swift; sourceTree = "<group>"; };
		8C48DFF7210A65B60007480D /* PoliceReports.swift */ = {isa = PBXFileReference; lastKnownFileType = sourcecode.swift; path = PoliceReports.swift; sourceTree = "<group>"; };
		8C48DFF9210A898E0007480D /* Networking.swift */ = {isa = PBXFileReference; lastKnownFileType = sourcecode.swift; path = Networking.swift; sourceTree = "<group>"; };
		8C48DFFB210B9EDA0007480D /* LocationSearchTable.swift */ = {isa = PBXFileReference; lastKnownFileType = sourcecode.swift; path = LocationSearchTable.swift; sourceTree = "<group>"; };
		8C48DFFD210FCEB90007480D /* DetailViewController.swift */ = {isa = PBXFileReference; lastKnownFileType = sourcecode.swift; path = DetailViewController.swift; sourceTree = "<group>"; };
		8C5D7CDD2107D96100BB152C /* Misdeed.app */ = {isa = PBXFileReference; explicitFileType = wrapper.application; includeInIndex = 0; path = Misdeed.app; sourceTree = BUILT_PRODUCTS_DIR; };
		8C5D7CE02107D96100BB152C /* AppDelegate.swift */ = {isa = PBXFileReference; lastKnownFileType = sourcecode.swift; path = AppDelegate.swift; sourceTree = "<group>"; };
		8C5D7CE22107D96100BB152C /* ViewController.swift */ = {isa = PBXFileReference; lastKnownFileType = sourcecode.swift; path = ViewController.swift; sourceTree = "<group>"; };
		8C5D7CE52107D96100BB152C /* Base */ = {isa = PBXFileReference; lastKnownFileType = file.storyboard; name = Base; path = Base.lproj/Main.storyboard; sourceTree = "<group>"; };
		8C5D7CE72107D96300BB152C /* Assets.xcassets */ = {isa = PBXFileReference; lastKnownFileType = folder.assetcatalog; path = Assets.xcassets; sourceTree = "<group>"; };
		8C5D7CEA2107D96300BB152C /* Base */ = {isa = PBXFileReference; lastKnownFileType = file.storyboard; name = Base; path = Base.lproj/LaunchScreen.storyboard; sourceTree = "<group>"; };
		8C5D7CEC2107D96300BB152C /* Info.plist */ = {isa = PBXFileReference; lastKnownFileType = text.plist.xml; path = Info.plist; sourceTree = "<group>"; };
		8C6923702111274D001117A8 /* LoginView.storyboard */ = {isa = PBXFileReference; lastKnownFileType = file.storyboard; path = LoginView.storyboard; sourceTree = "<group>"; };
		8C6923722111277C001117A8 /* LoginViewController.swift */ = {isa = PBXFileReference; lastKnownFileType = sourcecode.swift; path = LoginViewController.swift; sourceTree = "<group>"; };
		8C69237421122543001117A8 /* User.swift */ = {isa = PBXFileReference; lastKnownFileType = sourcecode.swift; path = User.swift; sourceTree = "<group>"; };
		8C69237621122BBE001117A8 /* CreateUsernameViewController.swift */ = {isa = PBXFileReference; lastKnownFileType = sourcecode.swift; path = CreateUsernameViewController.swift; sourceTree = "<group>"; };
		8CCCF0BD2107E16E00BC8EF4 /* GoogleService-Info.plist */ = {isa = PBXFileReference; fileEncoding = 4; lastKnownFileType = text.plist.xml; path = "GoogleService-Info.plist"; sourceTree = "<group>"; };
		8CCCF0BF2108EBE000BC8EF4 /* MapHomeView.storyboard */ = {isa = PBXFileReference; lastKnownFileType = file.storyboard; path = MapHomeView.storyboard; sourceTree = "<group>"; };
		8CCCF0C12108ECD900BC8EF4 /* MapHomeViewController.swift */ = {isa = PBXFileReference; lastKnownFileType = sourcecode.swift; path = MapHomeViewController.swift; sourceTree = "<group>"; };
		8CCCF0C32108F28800BC8EF4 /* MapKit.framework */ = {isa = PBXFileReference; lastKnownFileType = wrapper.framework; name = MapKit.framework; path = System/Library/Frameworks/MapKit.framework; sourceTree = SDKROOT; };
		8CED70532114CAB30064A033 /* userReports.swift */ = {isa = PBXFileReference; lastKnownFileType = sourcecode.swift; path = userReports.swift; sourceTree = "<group>"; };
		D1963D117AB959514FEDB4FB /* Pods_Misdeed.framework */ = {isa = PBXFileReference; explicitFileType = wrapper.framework; includeInIndex = 0; path = Pods_Misdeed.framework; sourceTree = BUILT_PRODUCTS_DIR; };
/* End PBXFileReference section */

/* Begin PBXFrameworksBuildPhase section */
		8C5D7CDA2107D96100BB152C /* Frameworks */ = {
			isa = PBXFrameworksBuildPhase;
			buildActionMask = 2147483647;
			files = (
				8CCCF0C42108F28800BC8EF4 /* MapKit.framework in Frameworks */,
				BC88810240144E2CB331C4DA /* Pods_Misdeed.framework in Frameworks */,
			);
			runOnlyForDeploymentPostprocessing = 0;
		};
/* End PBXFrameworksBuildPhase section */

/* Begin PBXGroup section */
		8C5D7CD42107D96100BB152C = {
			isa = PBXGroup;
			children = (
				8C5D7CDF2107D96100BB152C /* Misdeed */,
				8C5D7CDE2107D96100BB152C /* Products */,
				B1A3A82FABAE8D8ADC1A1F1D /* Pods */,
				D9C9BF2008066C4CD89FFE14 /* Frameworks */,
			);
			sourceTree = "<group>";
		};
		8C5D7CDE2107D96100BB152C /* Products */ = {
			isa = PBXGroup;
			children = (
				8C5D7CDD2107D96100BB152C /* Misdeed.app */,
			);
			name = Products;
			sourceTree = "<group>";
		};
		8C5D7CDF2107D96100BB152C /* Misdeed */ = {
			isa = PBXGroup;
			children = (
				8CCCF0BC2107E0EA00BC8EF4 /* Views */,
				8C5D7CE02107D96100BB152C /* AppDelegate.swift */,
				8CCCF0B42107E09200BC8EF4 /* Controllers */,
				8CCCF0BA2107E0D200BC8EF4 /* Supporting */,
				8CCCF0B52107E09800BC8EF4 /* Extensions */,
				8C5D7CE72107D96300BB152C /* Assets.xcassets */,
				8CCCF0B92107E0C000BC8EF4 /* Storyboards */,
				8CCCF0B82107E0BB00BC8EF4 /* Services */,
				8CCCF0B72107E0B200BC8EF4 /* Models */,
				8CCCF0B62107E0AA00BC8EF4 /* Helpers */,
			);
			path = Misdeed;
			sourceTree = "<group>";
		};
		8CCCF0B42107E09200BC8EF4 /* Controllers */ = {
			isa = PBXGroup;
			children = (
				8C5D7CE22107D96100BB152C /* ViewController.swift */,
				8CCCF0C12108ECD900BC8EF4 /* MapHomeViewController.swift */,
				8C48DFFD210FCEB90007480D /* DetailViewController.swift */,
				8C6923722111277C001117A8 /* LoginViewController.swift */,
				8C69237621122BBE001117A8 /* CreateUsernameViewController.swift */,
				8C132AF621126B6C0096B773 /* ReportIncidentViewController.swift */,
			);
			path = Controllers;
			sourceTree = "<group>";
		};
		8CCCF0B52107E09800BC8EF4 /* Extensions */ = {
			isa = PBXGroup;
			children = (
			);
			path = Extensions;
			sourceTree = "<group>";
		};
		8CCCF0B62107E0AA00BC8EF4 /* Helpers */ = {
			isa = PBXGroup;
			children = (
			);
			path = Helpers;
			sourceTree = "<group>";
		};
		8CCCF0B72107E0B200BC8EF4 /* Models */ = {
			isa = PBXGroup;
			children = (
				8C48DFF7210A65B60007480D /* PoliceReports.swift */,
				8C69237421122543001117A8 /* User.swift */,
				8CED70532114CAB30064A033 /* userReports.swift */,
			);
			path = Models;
			sourceTree = "<group>";
		};
		8CCCF0B82107E0BB00BC8EF4 /* Services */ = {
			isa = PBXGroup;
			children = (
				8C48DFF9210A898E0007480D /* Networking.swift */,
				8C132AF2211237B90096B773 /* UserService.swift */,
			);
			path = Services;
			sourceTree = "<group>";
		};
		8CCCF0B92107E0C000BC8EF4 /* Storyboards */ = {
			isa = PBXGroup;
			children = (
				8C5D7CE92107D96300BB152C /* LaunchScreen.storyboard */,
				8C5D7CE42107D96100BB152C /* Main.storyboard */,
				8CCCF0BF2108EBE000BC8EF4 /* MapHomeView.storyboard */,
				8C6923702111274D001117A8 /* LoginView.storyboard */,
			);
			path = Storyboards;
			sourceTree = "<group>";
		};
		8CCCF0BA2107E0D200BC8EF4 /* Supporting */ = {
			isa = PBXGroup;
			children = (
				8CCCF0BD2107E16E00BC8EF4 /* GoogleService-Info.plist */,
				8C5D7CEC2107D96300BB152C /* Info.plist */,
				8C132AF421124B0E0096B773 /* Constants.swift */,
			);
			path = Supporting;
			sourceTree = "<group>";
		};
		8CCCF0BC2107E0EA00BC8EF4 /* Views */ = {
			isa = PBXGroup;
			children = (
				8C48DFFB210B9EDA0007480D /* LocationSearchTable.swift */,
			);
			path = Views;
			sourceTree = "<group>";
		};
		B1A3A82FABAE8D8ADC1A1F1D /* Pods */ = {
			isa = PBXGroup;
			children = (
				898733CB9AF750E46D770250 /* Pods-Misdeed.debug.xcconfig */,
				25B46BCA28FF6E2D77F7E45F /* Pods-Misdeed.release.xcconfig */,
			);
			name = Pods;
			sourceTree = "<group>";
		};
		D9C9BF2008066C4CD89FFE14 /* Frameworks */ = {
			isa = PBXGroup;
			children = (
				8CCCF0C32108F28800BC8EF4 /* MapKit.framework */,
				D1963D117AB959514FEDB4FB /* Pods_Misdeed.framework */,
			);
			name = Frameworks;
			sourceTree = "<group>";
		};
/* End PBXGroup section */

/* Begin PBXNativeTarget section */
		8C5D7CDC2107D96100BB152C /* Misdeed */ = {
			isa = PBXNativeTarget;
			buildConfigurationList = 8C5D7CEF2107D96300BB152C /* Build configuration list for PBXNativeTarget "Misdeed" */;
			buildPhases = (
				07D5BC5EEDCCCC6F5DA745D6 /* [CP] Check Pods Manifest.lock */,
				8C5D7CD92107D96100BB152C /* Sources */,
				8C5D7CDA2107D96100BB152C /* Frameworks */,
				8C5D7CDB2107D96100BB152C /* Resources */,
				2EE1BD044D5049ECA79BCF58 /* [CP] Embed Pods Frameworks */,
				EFEF3EC03F6FD5A7F4ADDCFB /* [CP] Copy Pods Resources */,
			);
			buildRules = (
			);
			dependencies = (
			);
			name = Misdeed;
			productName = Misdeed;
			productReference = 8C5D7CDD2107D96100BB152C /* Misdeed.app */;
			productType = "com.apple.product-type.application";
		};
/* End PBXNativeTarget section */

/* Begin PBXProject section */
		8C5D7CD52107D96100BB152C /* Project object */ = {
			isa = PBXProject;
			attributes = {
				LastSwiftUpdateCheck = 0940;
				LastUpgradeCheck = 0940;
				ORGANIZATIONNAME = "Katie YK So";
				TargetAttributes = {
					8C5D7CDC2107D96100BB152C = {
						CreatedOnToolsVersion = 9.4.1;
						SystemCapabilities = {
							com.apple.Maps.iOS = {
								enabled = 1;
							};
						};
					};
				};
			};
			buildConfigurationList = 8C5D7CD82107D96100BB152C /* Build configuration list for PBXProject "Misdeed" */;
			compatibilityVersion = "Xcode 9.3";
			developmentRegion = en;
			hasScannedForEncodings = 0;
			knownRegions = (
				en,
				Base,
			);
			mainGroup = 8C5D7CD42107D96100BB152C;
			productRefGroup = 8C5D7CDE2107D96100BB152C /* Products */;
			projectDirPath = "";
			projectRoot = "";
			targets = (
				8C5D7CDC2107D96100BB152C /* Misdeed */,
			);
		};
/* End PBXProject section */

/* Begin PBXResourcesBuildPhase section */
		8C5D7CDB2107D96100BB152C /* Resources */ = {
			isa = PBXResourcesBuildPhase;
			buildActionMask = 2147483647;
			files = (
				8C5D7CEB2107D96300BB152C /* LaunchScreen.storyboard in Resources */,
				8CCCF0C02108EBE000BC8EF4 /* MapHomeView.storyboard in Resources */,
				8CCCF0BE2107E16F00BC8EF4 /* GoogleService-Info.plist in Resources */,
				8C5D7CE82107D96300BB152C /* Assets.xcassets in Resources */,
				8C5D7CE62107D96100BB152C /* Main.storyboard in Resources */,
				8C6923712111274D001117A8 /* LoginView.storyboard in Resources */,
			);
			runOnlyForDeploymentPostprocessing = 0;
		};
/* End PBXResourcesBuildPhase section */

/* Begin PBXShellScriptBuildPhase section */
		07D5BC5EEDCCCC6F5DA745D6 /* [CP] Check Pods Manifest.lock */ = {
			isa = PBXShellScriptBuildPhase;
			buildActionMask = 2147483647;
			files = (
			);
			inputPaths = (
				"${PODS_PODFILE_DIR_PATH}/Podfile.lock",
				"${PODS_ROOT}/Manifest.lock",
			);
			name = "[CP] Check Pods Manifest.lock";
			outputPaths = (
				"$(DERIVED_FILE_DIR)/Pods-Misdeed-checkManifestLockResult.txt",
			);
			runOnlyForDeploymentPostprocessing = 0;
			shellPath = /bin/sh;
			shellScript = "diff \"${PODS_PODFILE_DIR_PATH}/Podfile.lock\" \"${PODS_ROOT}/Manifest.lock\" > /dev/null\nif [ $? != 0 ] ; then\n    # print error to STDERR\n    echo \"error: The sandbox is not in sync with the Podfile.lock. Run 'pod install' or update your CocoaPods installation.\" >&2\n    exit 1\nfi\n# This output is used by Xcode 'outputs' to avoid re-running this script phase.\necho \"SUCCESS\" > \"${SCRIPT_OUTPUT_FILE_0}\"\n";
			showEnvVarsInLog = 0;
		};
		2EE1BD044D5049ECA79BCF58 /* [CP] Embed Pods Frameworks */ = {
			isa = PBXShellScriptBuildPhase;
			buildActionMask = 2147483647;
			files = (
			);
			inputPaths = (
				"${SRCROOT}/Pods/Target Support Files/Pods-Misdeed/Pods-Misdeed-frameworks.sh",
				"${BUILT_PRODUCTS_DIR}/Alamofire/Alamofire.framework",
				"${BUILT_PRODUCTS_DIR}/GTMSessionFetcher/GTMSessionFetcher.framework",
				"${BUILT_PRODUCTS_DIR}/GoogleToolboxForMac/GoogleToolboxForMac.framework",
				"${BUILT_PRODUCTS_DIR}/SwiftyJSON/SwiftyJSON.framework",
				"${BUILT_PRODUCTS_DIR}/leveldb-library/leveldb.framework",
				"${BUILT_PRODUCTS_DIR}/nanopb/nanopb.framework",
			);
			name = "[CP] Embed Pods Frameworks";
			outputPaths = (
				"${TARGET_BUILD_DIR}/${FRAMEWORKS_FOLDER_PATH}/Alamofire.framework",
				"${TARGET_BUILD_DIR}/${FRAMEWORKS_FOLDER_PATH}/GTMSessionFetcher.framework",
				"${TARGET_BUILD_DIR}/${FRAMEWORKS_FOLDER_PATH}/GoogleToolboxForMac.framework",
				"${TARGET_BUILD_DIR}/${FRAMEWORKS_FOLDER_PATH}/SwiftyJSON.framework",
				"${TARGET_BUILD_DIR}/${FRAMEWORKS_FOLDER_PATH}/leveldb.framework",
				"${TARGET_BUILD_DIR}/${FRAMEWORKS_FOLDER_PATH}/nanopb.framework",
			);
			runOnlyForDeploymentPostprocessing = 0;
			shellPath = /bin/sh;
			shellScript = "\"${SRCROOT}/Pods/Target Support Files/Pods-Misdeed/Pods-Misdeed-frameworks.sh\"\n";
			showEnvVarsInLog = 0;
		};
		EFEF3EC03F6FD5A7F4ADDCFB /* [CP] Copy Pods Resources */ = {
			isa = PBXShellScriptBuildPhase;
			buildActionMask = 2147483647;
			files = (
			);
			inputPaths = (
				"${SRCROOT}/Pods/Target Support Files/Pods-Misdeed/Pods-Misdeed-resources.sh",
				"${PODS_CONFIGURATION_BUILD_DIR}/FirebaseUI/FirebaseAuthUI.bundle",
			);
			name = "[CP] Copy Pods Resources";
			outputPaths = (
				"${TARGET_BUILD_DIR}/${UNLOCALIZED_RESOURCES_FOLDER_PATH}/FirebaseAuthUI.bundle",
			);
			runOnlyForDeploymentPostprocessing = 0;
			shellPath = /bin/sh;
			shellScript = "\"${SRCROOT}/Pods/Target Support Files/Pods-Misdeed/Pods-Misdeed-resources.sh\"\n";
			showEnvVarsInLog = 0;
		};
/* End PBXShellScriptBuildPhase section */

/* Begin PBXSourcesBuildPhase section */
		8C5D7CD92107D96100BB152C /* Sources */ = {
			isa = PBXSourcesBuildPhase;
			buildActionMask = 2147483647;
			files = (
				8CCCF0C22108ECD900BC8EF4 /* MapHomeViewController.swift in Sources */,
				8C48DFFA210A898E0007480D /* Networking.swift in Sources */,
				8C132AF721126B6C0096B773 /* ReportIncidentViewController.swift in Sources */,
				8C48DFF8210A65B60007480D /* PoliceReports.swift in Sources */,
				8C48DFFC210B9EDA0007480D /* LocationSearchTable.swift in Sources */,
				8C6923732111277C001117A8 /* LoginViewController.swift in Sources */,
				8C69237521122543001117A8 /* User.swift in Sources */,
				8C132AF3211237B90096B773 /* UserService.swift in Sources */,
				8C5D7CE32107D96100BB152C /* ViewController.swift in Sources */,
				8C5D7CE12107D96100BB152C /* AppDelegate.swift in Sources */,
				8CED70542114CAB30064A033 /* userReports.swift in Sources */,
				8C69237721122BBE001117A8 /* CreateUsernameViewController.swift in Sources */,
				8C48DFFE210FCEB90007480D /* DetailViewController.swift in Sources */,
				8C132AF521124B0E0096B773 /* Constants.swift in Sources */,
			);
			runOnlyForDeploymentPostprocessing = 0;
		};
/* End PBXSourcesBuildPhase section */

/* Begin PBXVariantGroup section */
		8C5D7CE42107D96100BB152C /* Main.storyboard */ = {
			isa = PBXVariantGroup;
			children = (
				8C5D7CE52107D96100BB152C /* Base */,
			);
			name = Main.storyboard;
			sourceTree = "<group>";
		};
		8C5D7CE92107D96300BB152C /* LaunchScreen.storyboard */ = {
			isa = PBXVariantGroup;
			children = (
				8C5D7CEA2107D96300BB152C /* Base */,
			);
			name = LaunchScreen.storyboard;
			sourceTree = "<group>";
		};
/* End PBXVariantGroup section */

/* Begin XCBuildConfiguration section */
		8C5D7CED2107D96300BB152C /* Debug */ = {
			isa = XCBuildConfiguration;
			buildSettings = {
				ALWAYS_SEARCH_USER_PATHS = NO;
				CLANG_ANALYZER_NONNULL = YES;
				CLANG_ANALYZER_NUMBER_OBJECT_CONVERSION = YES_AGGRESSIVE;
				CLANG_CXX_LANGUAGE_STANDARD = "gnu++14";
				CLANG_CXX_LIBRARY = "libc++";
				CLANG_ENABLE_MODULES = YES;
				CLANG_ENABLE_OBJC_ARC = YES;
				CLANG_ENABLE_OBJC_WEAK = YES;
				CLANG_WARN_BLOCK_CAPTURE_AUTORELEASING = YES;
				CLANG_WARN_BOOL_CONVERSION = YES;
				CLANG_WARN_COMMA = YES;
				CLANG_WARN_CONSTANT_CONVERSION = YES;
				CLANG_WARN_DEPRECATED_OBJC_IMPLEMENTATIONS = YES;
				CLANG_WARN_DIRECT_OBJC_ISA_USAGE = YES_ERROR;
				CLANG_WARN_DOCUMENTATION_COMMENTS = YES;
				CLANG_WARN_EMPTY_BODY = YES;
				CLANG_WARN_ENUM_CONVERSION = YES;
				CLANG_WARN_INFINITE_RECURSION = YES;
				CLANG_WARN_INT_CONVERSION = YES;
				CLANG_WARN_NON_LITERAL_NULL_CONVERSION = YES;
				CLANG_WARN_OBJC_IMPLICIT_RETAIN_SELF = YES;
				CLANG_WARN_OBJC_LITERAL_CONVERSION = YES;
				CLANG_WARN_OBJC_ROOT_CLASS = YES_ERROR;
				CLANG_WARN_RANGE_LOOP_ANALYSIS = YES;
				CLANG_WARN_STRICT_PROTOTYPES = YES;
				CLANG_WARN_SUSPICIOUS_MOVE = YES;
				CLANG_WARN_UNGUARDED_AVAILABILITY = YES_AGGRESSIVE;
				CLANG_WARN_UNREACHABLE_CODE = YES;
				CLANG_WARN__DUPLICATE_METHOD_MATCH = YES;
				CODE_SIGN_IDENTITY = "iPhone Developer";
				COPY_PHASE_STRIP = NO;
				DEBUG_INFORMATION_FORMAT = dwarf;
				ENABLE_STRICT_OBJC_MSGSEND = YES;
				ENABLE_TESTABILITY = YES;
				GCC_C_LANGUAGE_STANDARD = gnu11;
				GCC_DYNAMIC_NO_PIC = NO;
				GCC_NO_COMMON_BLOCKS = YES;
				GCC_OPTIMIZATION_LEVEL = 0;
				GCC_PREPROCESSOR_DEFINITIONS = (
					"DEBUG=1",
					"$(inherited)",
				);
				GCC_WARN_64_TO_32_BIT_CONVERSION = YES;
				GCC_WARN_ABOUT_RETURN_TYPE = YES_ERROR;
				GCC_WARN_UNDECLARED_SELECTOR = YES;
				GCC_WARN_UNINITIALIZED_AUTOS = YES_AGGRESSIVE;
				GCC_WARN_UNUSED_FUNCTION = YES;
				GCC_WARN_UNUSED_VARIABLE = YES;
				IPHONEOS_DEPLOYMENT_TARGET = 11.4;
				MTL_ENABLE_DEBUG_INFO = YES;
				ONLY_ACTIVE_ARCH = YES;
				SDKROOT = iphoneos;
				SWIFT_ACTIVE_COMPILATION_CONDITIONS = DEBUG;
				SWIFT_OPTIMIZATION_LEVEL = "-Onone";
			};
			name = Debug;
		};
		8C5D7CEE2107D96300BB152C /* Release */ = {
			isa = XCBuildConfiguration;
			buildSettings = {
				ALWAYS_SEARCH_USER_PATHS = NO;
				CLANG_ANALYZER_NONNULL = YES;
				CLANG_ANALYZER_NUMBER_OBJECT_CONVERSION = YES_AGGRESSIVE;
				CLANG_CXX_LANGUAGE_STANDARD = "gnu++14";
				CLANG_CXX_LIBRARY = "libc++";
				CLANG_ENABLE_MODULES = YES;
				CLANG_ENABLE_OBJC_ARC = YES;
				CLANG_ENABLE_OBJC_WEAK = YES;
				CLANG_WARN_BLOCK_CAPTURE_AUTORELEASING = YES;
				CLANG_WARN_BOOL_CONVERSION = YES;
				CLANG_WARN_COMMA = YES;
				CLANG_WARN_CONSTANT_CONVERSION = YES;
				CLANG_WARN_DEPRECATED_OBJC_IMPLEMENTATIONS = YES;
				CLANG_WARN_DIRECT_OBJC_ISA_USAGE = YES_ERROR;
				CLANG_WARN_DOCUMENTATION_COMMENTS = YES;
				CLANG_WARN_EMPTY_BODY = YES;
				CLANG_WARN_ENUM_CONVERSION = YES;
				CLANG_WARN_INFINITE_RECURSION = YES;
				CLANG_WARN_INT_CONVERSION = YES;
				CLANG_WARN_NON_LITERAL_NULL_CONVERSION = YES;
				CLANG_WARN_OBJC_IMPLICIT_RETAIN_SELF = YES;
				CLANG_WARN_OBJC_LITERAL_CONVERSION = YES;
				CLANG_WARN_OBJC_ROOT_CLASS = YES_ERROR;
				CLANG_WARN_RANGE_LOOP_ANALYSIS = YES;
				CLANG_WARN_STRICT_PROTOTYPES = YES;
				CLANG_WARN_SUSPICIOUS_MOVE = YES;
				CLANG_WARN_UNGUARDED_AVAILABILITY = YES_AGGRESSIVE;
				CLANG_WARN_UNREACHABLE_CODE = YES;
				CLANG_WARN__DUPLICATE_METHOD_MATCH = YES;
				CODE_SIGN_IDENTITY = "iPhone Developer";
				COPY_PHASE_STRIP = NO;
				DEBUG_INFORMATION_FORMAT = "dwarf-with-dsym";
				ENABLE_NS_ASSERTIONS = NO;
				ENABLE_STRICT_OBJC_MSGSEND = YES;
				GCC_C_LANGUAGE_STANDARD = gnu11;
				GCC_NO_COMMON_BLOCKS = YES;
				GCC_WARN_64_TO_32_BIT_CONVERSION = YES;
				GCC_WARN_ABOUT_RETURN_TYPE = YES_ERROR;
				GCC_WARN_UNDECLARED_SELECTOR = YES;
				GCC_WARN_UNINITIALIZED_AUTOS = YES_AGGRESSIVE;
				GCC_WARN_UNUSED_FUNCTION = YES;
				GCC_WARN_UNUSED_VARIABLE = YES;
				IPHONEOS_DEPLOYMENT_TARGET = 11.4;
				MTL_ENABLE_DEBUG_INFO = NO;
				SDKROOT = iphoneos;
				SWIFT_COMPILATION_MODE = wholemodule;
				SWIFT_OPTIMIZATION_LEVEL = "-O";
				VALIDATE_PRODUCT = YES;
			};
			name = Release;
		};
		8C5D7CF02107D96300BB152C /* Debug */ = {
			isa = XCBuildConfiguration;
			baseConfigurationReference = 898733CB9AF750E46D770250 /* Pods-Misdeed.debug.xcconfig */;
			buildSettings = {
				ASSETCATALOG_COMPILER_APPICON_NAME = AppIcon;
				CODE_SIGN_STYLE = Automatic;
				DEVELOPMENT_TEAM = R76QPR3V4G;
				INFOPLIST_FILE = "$(SRCROOT)/Misdeed/Supporting/Info.plist";
				LD_RUNPATH_SEARCH_PATHS = (
					"$(inherited)",
					"@executable_path/Frameworks",
				);
				PRODUCT_BUNDLE_IDENTIFIER = com.kt.Misdeed;
				PRODUCT_NAME = "$(TARGET_NAME)";
				SWIFT_VERSION = 4.0;
				TARGETED_DEVICE_FAMILY = "1,2";
			};
			name = Debug;
		};
		8C5D7CF12107D96300BB152C /* Release */ = {
			isa = XCBuildConfiguration;
			baseConfigurationReference = 25B46BCA28FF6E2D77F7E45F /* Pods-Misdeed.release.xcconfig */;
			buildSettings = {
				ASSETCATALOG_COMPILER_APPICON_NAME = AppIcon;
				CODE_SIGN_STYLE = Automatic;
				DEVELOPMENT_TEAM = R76QPR3V4G;
				INFOPLIST_FILE = "$(SRCROOT)/Misdeed/Supporting/Info.plist";
				LD_RUNPATH_SEARCH_PATHS = (
					"$(inherited)",
					"@executable_path/Frameworks",
				);
				PRODUCT_BUNDLE_IDENTIFIER = com.kt.Misdeed;
				PRODUCT_NAME = "$(TARGET_NAME)";
				SWIFT_VERSION = 4.0;
				TARGETED_DEVICE_FAMILY = "1,2";
			};
			name = Release;
		};
/* End XCBuildConfiguration section */

/* Begin XCConfigurationList section */
		8C5D7CD82107D96100BB152C /* Build configuration list for PBXProject "Misdeed" */ = {
			isa = XCConfigurationList;
			buildConfigurations = (
				8C5D7CED2107D96300BB152C /* Debug */,
				8C5D7CEE2107D96300BB152C /* Release */,
			);
			defaultConfigurationIsVisible = 0;
			defaultConfigurationName = Release;
		};
		8C5D7CEF2107D96300BB152C /* Build configuration list for PBXNativeTarget "Misdeed" */ = {
			isa = XCConfigurationList;
			buildConfigurations = (
				8C5D7CF02107D96300BB152C /* Debug */,
				8C5D7CF12107D96300BB152C /* Release */,
			);
			defaultConfigurationIsVisible = 0;
			defaultConfigurationName = Release;
		};
/* End XCConfigurationList section */
	};
	rootObject = 8C5D7CD52107D96100BB152C /* Project object */;
}
